
Microsoft Visual Studio Solution File, Format Version 12.00
# Visual Studio 2012
Project("{8BC9CEB8-8B4A-11D0-8D11-00A0C91BC942}") = "simple_application", "simple_application.vcxproj", "{710BF4EB-7F98-4D60-8B45-95940B51F5F7}"
EndProject
Project("{8BC9CEB8-8B4A-11D0-8D11-00A0C91BC942}") = "simple_application_with_global_context", "simple_application_with_global_context.vcxproj", "{110BF4EB-7F98-4D60-8B45-95940B51F5F1}"
EndProject
Project("{8BC9CEB8-8B4A-11D0-8D11-00A0C91BC942}") = "limit_single_instance", "limit_single_instance.vcxproj", "{210BF4EB-7F98-4D60-8B45-95940B51F5F1}"
EndProject
Project("{8BC9CEB8-8B4A-11D0-8D11-00A0C91BC942}") = "limit_single_instance_callback", "limit_single_instance_callback.vcxproj", "{520BF4EB-7F98-4D60-8B45-95940B51F5F1}"
EndProject
Project("{8BC9CEB8-8B4A-11D0-8D11-00A0C91BC942}") = "limit_single_instance_callback_with_global_context", "limit_single_instance_callback_with_global_context.vcxproj", "{570BF4EB-6F98-4D60-8B45-95940B51F5F1}"
EndProject
Project("{8BC9CEB8-8B4A-11D0-8D11-00A0C91BC942}") = "wait_for_termination_request", "wait_for_termination_request.vcxproj", "{710BF4EB-7F98-4D70-8B45-95940B51F5F7}"
EndProject
Project("{8BC9CEB8-8B4A-11D0-8D11-00A0C91BC942}") = "limit_single_instance_boost_interprocess_named_mutex", "limit_single_instance_boost_interprocess_named_mutex.vcxproj", "{210BF4EB-7F98-4D60-8B45-95330B51F5F1}"
EndProject
Project("{8BC9CEB8-8B4A-11D0-8D11-00A0C91BC942}") = "my_own_wait_for_termination_request", "my_own_wait_for_termination_request.vcxproj", "{710BF4EB-7F98-4D70-8B45-93940B32F5F7}"
EndProject
Project("{8BC9CEB8-8B4A-11D0-8D11-00A0C91BC942}") = "path", "path.vcxproj", "{EB0508C0-7B3E-4612-FFFF-FFFF5EFC3190}"
EndProject
Project("{8BC9CEB8-8B4A-11D0-8D11-00A0C91BC942}") = "termination_handler", "termination_handler.vcxproj", "{210BF4EB-7F98-4D60-5B45-95940B51F5F5}"
EndProject
Project("{8BC9CEB8-8B4A-11D0-8D11-00A0C91BC942}") = "my_own_termination_handler", "my_own_termination_handler.vcxproj", "{210BF4EB-7F98-4D60-5B45-95040B51F5F1}"
EndProject
Project("{8BC9CEB8-8B4A-11D0-8D11-00A0C91BC942}") = "simple_server_application", "simple_server_application.vcxproj", "{710BF4EB-7F98-4D60-1B42-95940B51F5F7}"
EndProject
Project("{8BC9CEB8-8B4A-11D0-8D11-00A0C91BC942}") = "work_queue", "work_queue.vcxproj", "{B744D911-4C29-4977-848D-81AB8C54CF6D}"
EndProject
Project("{8BC9CEB8-8B4A-11D0-8D11-00A0C91BC942}") = "application_mode_select", "application_mode_select.vcxproj", "{AA0508C0-7B3E-4612-FFFF-FFFF5EFC3191}"
EndProject
Project("{8BC9CEB8-8B4A-11D0-8D11-00A0C91BC942}") = "tutorial_stage1", "tutorial_stage1.vcxproj", "{4D4BE500-EDC5-4B1F-FFFF-FFFFF86AF0C7}"
EndProject
Project("{8BC9CEB8-8B4A-11D0-8D11-00A0C91BC942}") = "tutorial_stage2", "tutorial_stage2.vcxproj", "{2D4BE500-EDC5-4B1F-FFFF-FFFFF86AF0C6}"
EndProject
Project("{8BC9CEB8-8B4A-11D0-8D11-00A0C91BC942}") = "tutorial_stage3", "tutorial_stage3.vcxproj", "{2D4BE500-EDC5-4B1F-AAFF-FFFFF86AF0C6}"
EndProject
Project("{8BC9CEB8-8B4A-11D0-8D11-00A0C91BC942}") = "tutorial_stage4", "tutorial_stage4.vcxproj", "{1D4BE500-EDC5-1B1F-AAFF-FFFFF86AF0C6}"
EndProject
Project("{2150E333-8FDC-42A3-9474-1A3956D46DE8}") = "Solution Items", "Solution Items", "{CD161F86-C277-4FAE-A105-9DE55C0AAD85}"
EndProject
Project("{8BC9CEB8-8B4A-11D0-8D11-00A0C91BC942}") = "myexception", "myexception.vcxproj", "{710BF4EB-7F98-4D60-8A41-95940B51F5F1}"
EndProject
Project("{8BC9CEB8-8B4A-11D0-8D11-00A0C91BC942}") = "application_mode_apache_httpd_mod", "application_mode_apache_httpd_mod.vcxproj", "{1FCFD195-439E-4789-BAA4-1B28F31604E6}"
EndProject
Project("{8BC9CEB8-8B4A-11D0-8D11-00A0C91BC942}") = "termination_handler_with_global_context", "termination_handler_with_global_context.vcxproj", "{210BF4EB-7F98-4D60-5A45-95940B51F5F5}"
EndProject
Project("{8BC9CEB8-8B4A-11D0-8D11-00A0C91BC942}") = "service_setup_ex", "service_setup_ex.vcxproj", "{73744107-4ED1-4E31-ACEA-7FBF61370E58}"
EndProject
Project("{8BC9CEB8-8B4A-11D0-8D11-00A0C91BC942}") = "simple_server_application_with_auto_handler", "simple_server_application_with_auto_handler.vcxproj", "{710BF4EB-7F98-4D60-1B42-95940B51F5F6}"
EndProject
Project("{8BC9CEB8-8B4A-11D0-8D11-00A0C91BC942}") = "simple_server_application_with_auto_handler_and_global_context", "simple_server_application_with_auto_handler_and_global_context.vcxproj", "{710BF4EB-3F98-4D60-1B42-93340B51F5F6}"
EndProject
Global
	GlobalSection(SolutionConfigurationPlatforms) = preSolution
		Debug|Win32 = Debug|Win32
		Release|Win32 = Release|Win32
	EndGlobalSection
	GlobalSection(ProjectConfigurationPlatforms) = postSolution
		{710BF4EB-7F98-4D60-8B45-95940B51F5F7}.Debug|Win32.ActiveCfg = Debug|Win32
		{710BF4EB-7F98-4D60-8B45-95940B51F5F7}.Debug|Win32.Build.0 = Debug|Win32
		{710BF4EB-7F98-4D60-8B45-95940B51F5F7}.Release|Win32.ActiveCfg = Release|Win32
		{710BF4EB-7F98-4D60-8B45-95940B51F5F7}.Release|Win32.Build.0 = Release|Win32
		{110BF4EB-7F98-4D60-8B45-95940B51F5F1}.Debug|Win32.ActiveCfg = Debug|Win32
		{110BF4EB-7F98-4D60-8B45-95940B51F5F1}.Debug|Win32.Build.0 = Debug|Win32
		{110BF4EB-7F98-4D60-8B45-95940B51F5F1}.Release|Win32.ActiveCfg = Release|Win32
		{110BF4EB-7F98-4D60-8B45-95940B51F5F1}.Release|Win32.Build.0 = Release|Win32
		{210BF4EB-7F98-4D60-8B45-95940B51F5F1}.Debug|Win32.ActiveCfg = Debug|Win32
		{210BF4EB-7F98-4D60-8B45-95940B51F5F1}.Debug|Win32.Build.0 = Debug|Win32
		{210BF4EB-7F98-4D60-8B45-95940B51F5F1}.Release|Win32.ActiveCfg = Release|Win32
		{210BF4EB-7F98-4D60-8B45-95940B51F5F1}.Release|Win32.Build.0 = Release|Win32
		{520BF4EB-7F98-4D60-8B45-95940B51F5F1}.Debug|Win32.ActiveCfg = Debug|Win32
		{520BF4EB-7F98-4D60-8B45-95940B51F5F1}.Debug|Win32.Build.0 = Debug|Win32
		{520BF4EB-7F98-4D60-8B45-95940B51F5F1}.Release|Win32.ActiveCfg = Release|Win32
		{520BF4EB-7F98-4D60-8B45-95940B51F5F1}.Release|Win32.Build.0 = Release|Win32
		{570BF4EB-6F98-4D60-8B45-95940B51F5F1}.Debug|Win32.ActiveCfg = Debug|Win32
		{570BF4EB-6F98-4D60-8B45-95940B51F5F1}.Debug|Win32.Build.0 = Debug|Win32
		{570BF4EB-6F98-4D60-8B45-95940B51F5F1}.Release|Win32.ActiveCfg = Release|Win32
		{570BF4EB-6F98-4D60-8B45-95940B51F5F1}.Release|Win32.Build.0 = Release|Win32
		{710BF4EB-7F98-4D70-8B45-95940B51F5F7}.Debug|Win32.ActiveCfg = Debug|Win32
		{710BF4EB-7F98-4D70-8B45-95940B51F5F7}.Debug|Win32.Build.0 = Debug|Win32
		{710BF4EB-7F98-4D70-8B45-95940B51F5F7}.Release|Win32.ActiveCfg = Release|Win32
		{710BF4EB-7F98-4D70-8B45-95940B51F5F7}.Release|Win32.Build.0 = Release|Win32
		{210BF4EB-7F98-4D60-8B45-95330B51F5F1}.Debug|Win32.ActiveCfg = Debug|Win32
		{210BF4EB-7F98-4D60-8B45-95330B51F5F1}.Debug|Win32.Build.0 = Debug|Win32
		{210BF4EB-7F98-4D60-8B45-95330B51F5F1}.Release|Win32.ActiveCfg = Release|Win32
		{210BF4EB-7F98-4D60-8B45-95330B51F5F1}.Release|Win32.Build.0 = Release|Win32
		{710BF4EB-7F98-4D70-8B45-93940B32F5F7}.Debug|Win32.ActiveCfg = Debug|Win32
		{710BF4EB-7F98-4D70-8B45-93940B32F5F7}.Debug|Win32.Build.0 = Debug|Win32
		{710BF4EB-7F98-4D70-8B45-93940B32F5F7}.Release|Win32.ActiveCfg = Release|Win32
		{710BF4EB-7F98-4D70-8B45-93940B32F5F7}.Release|Win32.Build.0 = Release|Win32
		{EB0508C0-7B3E-4612-FFFF-FFFF5EFC3190}.Debug|Win32.ActiveCfg = Debug|Win32
		{EB0508C0-7B3E-4612-FFFF-FFFF5EFC3190}.Debug|Win32.Build.0 = Debug|Win32
		{EB0508C0-7B3E-4612-FFFF-FFFF5EFC3190}.Release|Win32.ActiveCfg = Release|Win32
		{EB0508C0-7B3E-4612-FFFF-FFFF5EFC3190}.Release|Win32.Build.0 = Release|Win32
		{210BF4EB-7F98-4D60-5B45-95940B51F5F5}.Debug|Win32.ActiveCfg = Debug|Win32
		{210BF4EB-7F98-4D60-5B45-95940B51F5F5}.Debug|Win32.Build.0 = Debug|Win32
		{210BF4EB-7F98-4D60-5B45-95940B51F5F5}.Release|Win32.ActiveCfg = Release|Win32
		{210BF4EB-7F98-4D60-5B45-95940B51F5F5}.Release|Win32.Build.0 = Release|Win32
		{210BF4EB-7F98-4D60-5B45-95040B51F5F1}.Debug|Win32.ActiveCfg = Debug|Win32
		{210BF4EB-7F98-4D60-5B45-95040B51F5F1}.Debug|Win32.Build.0 = Debug|Win32
		{210BF4EB-7F98-4D60-5B45-95040B51F5F1}.Release|Win32.ActiveCfg = Release|Win32
		{210BF4EB-7F98-4D60-5B45-95040B51F5F1}.Release|Win32.Build.0 = Release|Win32
		{710BF4EB-7F98-4D60-1B42-95940B51F5F7}.Debug|Win32.ActiveCfg = Debug|Win32
		{710BF4EB-7F98-4D60-1B42-95940B51F5F7}.Debug|Win32.Build.0 = Debug|Win32
		{710BF4EB-7F98-4D60-1B42-95940B51F5F7}.Release|Win32.ActiveCfg = Release|Win32
		{710BF4EB-7F98-4D60-1B42-95940B51F5F7}.Release|Win32.Build.0 = Release|Win32
		{B744D911-4C29-4977-848D-81AB8C54CF6D}.Debug|Win32.ActiveCfg = Debug|Win32
		{B744D911-4C29-4977-848D-81AB8C54CF6D}.Debug|Win32.Build.0 = Debug|Win32
		{B744D911-4C29-4977-848D-81AB8C54CF6D}.Release|Win32.ActiveCfg = Release|Win32
		{B744D911-4C29-4977-848D-81AB8C54CF6D}.Release|Win32.Build.0 = Release|Win32
		{AA0508C0-7B3E-4612-FFFF-FFFF5EFC3191}.Debug|Win32.ActiveCfg = Debug|Win32
		{AA0508C0-7B3E-4612-FFFF-FFFF5EFC3191}.Debug|Win32.Build.0 = Debug|Win32
		{AA0508C0-7B3E-4612-FFFF-FFFF5EFC3191}.Release|Win32.ActiveCfg = Release|Win32
		{AA0508C0-7B3E-4612-FFFF-FFFF5EFC3191}.Release|Win32.Build.0 = Release|Win32
		{4D4BE500-EDC5-4B1F-FFFF-FFFFF86AF0C7}.Debug|Win32.ActiveCfg = Debug|Win32
		{4D4BE500-EDC5-4B1F-FFFF-FFFFF86AF0C7}.Debug|Win32.Build.0 = Debug|Win32
		{4D4BE500-EDC5-4B1F-FFFF-FFFFF86AF0C7}.Release|Win32.ActiveCfg = Release|Win32
		{4D4BE500-EDC5-4B1F-FFFF-FFFFF86AF0C7}.Release|Win32.Build.0 = Release|Win32
		{2D4BE500-EDC5-4B1F-FFFF-FFFFF86AF0C6}.Debug|Win32.ActiveCfg = Debug|Win32
		{2D4BE500-EDC5-4B1F-FFFF-FFFFF86AF0C6}.Debug|Win32.Build.0 = Debug|Win32
		{2D4BE500-EDC5-4B1F-FFFF-FFFFF86AF0C6}.Release|Win32.ActiveCfg = Release|Win32
		{2D4BE500-EDC5-4B1F-FFFF-FFFFF86AF0C6}.Release|Win32.Build.0 = Release|Win32
		{2D4BE500-EDC5-4B1F-AAFF-FFFFF86AF0C6}.Debug|Win32.ActiveCfg = Debug|Win32
		{2D4BE500-EDC5-4B1F-AAFF-FFFFF86AF0C6}.Debug|Win32.Build.0 = Debug|Win32
		{2D4BE500-EDC5-4B1F-AAFF-FFFFF86AF0C6}.Release|Win32.ActiveCfg = Release|Win32
		{2D4BE500-EDC5-4B1F-AAFF-FFFFF86AF0C6}.Release|Win32.Build.0 = Release|Win32
		{1D4BE500-EDC5-1B1F-AAFF-FFFFF86AF0C6}.Debug|Win32.ActiveCfg = Debug|Win32
		{1D4BE500-EDC5-1B1F-AAFF-FFFFF86AF0C6}.Debug|Win32.Build.0 = Debug|Win32
		{1D4BE500-EDC5-1B1F-AAFF-FFFFF86AF0C6}.Release|Win32.ActiveCfg = Release|Win32
		{1D4BE500-EDC5-1B1F-AAFF-FFFFF86AF0C6}.Release|Win32.Build.0 = Release|Win32
		{710BF4EB-7F98-4D60-8A41-95940B51F5F1}.Debug|Win32.ActiveCfg = Debug|Win32
		{710BF4EB-7F98-4D60-8A41-95940B51F5F1}.Debug|Win32.Build.0 = Debug|Win32
		{710BF4EB-7F98-4D60-8A41-95940B51F5F1}.Release|Win32.ActiveCfg = Release|Win32
		{710BF4EB-7F98-4D60-8A41-95940B51F5F1}.Release|Win32.Build.0 = Release|Win32
		{1FCFD195-439E-4789-BAA4-1B28F31604E6}.Debug|Win32.ActiveCfg = Debug|Win32
		{1FCFD195-439E-4789-BAA4-1B28F31604E6}.Debug|Win32.Build.0 = Debug|Win32
		{1FCFD195-439E-4789-BAA4-1B28F31604E6}.Release|Win32.ActiveCfg = Release|Win32
		{1FCFD195-439E-4789-BAA4-1B28F31604E6}.Release|Win32.Build.0 = Release|Win32
		{210BF4EB-7F98-4D60-5A45-95940B51F5F5}.Debug|Win32.ActiveCfg = Debug|Win32
		{210BF4EB-7F98-4D60-5A45-95940B51F5F5}.Debug|Win32.Build.0 = Debug|Win32
		{210BF4EB-7F98-4D60-5A45-95940B51F5F5}.Release|Win32.ActiveCfg = Release|Win32
		{210BF4EB-7F98-4D60-5A45-95940B51F5F5}.Release|Win32.Build.0 = Release|Win32
		{73744107-4ED1-4E31-ACEA-7FBF61370E58}.Debug|Win32.ActiveCfg = Debug|Win32
		{73744107-4ED1-4E31-ACEA-7FBF61370E58}.Debug|Win32.Build.0 = Debug|Win32
		{73744107-4ED1-4E31-ACEA-7FBF61370E58}.Release|Win32.ActiveCfg = Release|Win32
		{73744107-4ED1-4E31-ACEA-7FBF61370E58}.Release|Win32.Build.0 = Release|Win32
		{710BF4EB-7F98-4D60-1B42-95940B51F5F6}.Debug|Win32.ActiveCfg = Debug|Win32
		{710BF4EB-7F98-4D60-1B42-95940B51F5F6}.Debug|Win32.Build.0 = Debug|Win32
		{710BF4EB-7F98-4D60-1B42-95940B51F5F6}.Release|Win32.ActiveCfg = Release|Win32
		{710BF4EB-7F98-4D60-1B42-95940B51F5F6}.Release|Win32.Build.0 = Release|Win32
		{710BF4EB-3F98-4D60-1B42-93340B51F5F6}.Debug|Win32.ActiveCfg = Debug|Win32
		{710BF4EB-3F98-4D60-1B42-93340B51F5F6}.Debug|Win32.Build.0 = Debug|Win32
		{710BF4EB-3F98-4D60-1B42-93340B51F5F6}.Release|Win32.ActiveCfg = Release|Win32
		{710BF4EB-3F98-4D60-1B42-93340B51F5F6}.Release|Win32.Build.0 = Release|Win32
	EndGlobalSection
	GlobalSection(SolutionProperties) = preSolution
		HideSolutionNode = FALSE
	EndGlobalSection
EndGlobal
